
Microsoft Visual Studio Solution File, Format Version 12.00
# Visual Studio 15
VisualStudioVersion = 15.0.27703.2042
MinimumVisualStudioVersion = 10.0.40219.1
Project("{FAE04EC0-301F-11D3-BF4B-00C04F79EFBC}") = "makooooDemo", "makooooDemo\makooooDemo.csproj", "{0F904803-CB64-4733-98D3-912C83891B67}"
EndProject
Global
	GlobalSection(SolutionConfigurationPlatforms) = preSolution
		Debug|Any CPU = Debug|Any CPU
		Release|Any CPU = Release|Any CPU
	EndGlobalSection
	GlobalSection(ProjectConfigurationPlatforms) = postSolution
		{0F904803-CB64-4733-98D3-912C83891B67}.Debug|Any CPU.ActiveCfg = Debug|Any CPU
		{0F904803-CB64-4733-98D3-912C83891B67}.Debug|Any CPU.Build.0 = Debug|Any CPU
		{0F904803-CB64-4733-98D3-912C83891B67}.Release|Any CPU.ActiveCfg = Release|Any CPU
		{0F904803-CB64-4733-98D3-912C83891B67}.Release|Any CPU.Build.0 = Release|Any CPU
	EndGlobalSection
	GlobalSection(SolutionProperties) = preSolution
		HideSolutionNode = FALSE
	EndGlobalSection
	GlobalSection(ExtensibilityGlobals) = postSolution
		SolutionGuid = {9BA61128-CDFF-44B9-9AB8-5E0FD33B3648}
	EndGlobalSection
EndGlobal
